
Microsoft Visual Studio Solution File, Format Version 12.00
# Visual Studio Version 17
VisualStudioVersion = 17.3.32929.385
MinimumVisualStudioVersion = 10.0.40219.1
Project("{FAE04EC0-301F-11D3-BF4B-00C04F79EFBC}") = "Simple Calculator Project", "Simple Calculator Project\Simple Calculator Project.csproj", "{5FF82CD7-9CC2-4DDB-A2E6-9A16080EC3E7}"
EndProject
Global
	GlobalSection(SolutionConfigurationPlatforms) = preSolution
		Debug|Any CPU = Debug|Any CPU
		Release|Any CPU = Release|Any CPU
	EndGlobalSection
	GlobalSection(ProjectConfigurationPlatforms) = postSolution
		{5FF82CD7-9CC2-4DDB-A2E6-9A16080EC3E7}.Debug|Any CPU.ActiveCfg = Debug|Any CPU
		{5FF82CD7-9CC2-4DDB-A2E6-9A16080EC3E7}.Debug|Any CPU.Build.0 = Debug|Any CPU
		{5FF82CD7-9CC2-4DDB-A2E6-9A16080EC3E7}.Release|Any CPU.ActiveCfg = Release|Any CPU
		{5FF82CD7-9CC2-4DDB-A2E6-9A16080EC3E7}.Release|Any CPU.Build.0 = Release|Any CPU
	EndGlobalSection
	GlobalSection(SolutionProperties) = preSolution
		HideSolutionNode = FALSE
	EndGlobalSection
	GlobalSection(ExtensibilityGlobals) = postSolution
		SolutionGuid = {5EB6EAD9-811A-4496-9945-AA555FC318CB}
	EndGlobalSection
EndGlobal
